Microsoft Visual Studio Solution File, Format Version 12.00
# Visual Studio Version 17
VisualStudioVersion = 17.0.31903.59
MinimumVisualStudioVersion = 10.0.40219.1
Project("{FAE04EC0-301F-11D3-BF4B-00C04F79EFBC}") = "RPA.Core", "RPA.Core\RPA.Core.csproj", "{AD9369C1-14DA-474B-8731-338CD68FC48B}"
EndProject
Project("{FAE04EC0-301F-11D3-BF4B-00C04F79EFBC}") = "RPA.Infrastructure", "RPA.Infrastructure\RPA.Infrastructure.csproj", "{A1AFB9F4-4B8B-4C33-BD75-EAD0F099F6E9}"
EndProject
Project("{FAE04EC0-301F-11D3-BF4B-00C04F79EFBC}") = "RPA.Application", "RPA.Application\RPA.Application.csproj", "{1011618D-6CDF-49EC-B909-4F026DB87549}"
EndProject
Global
	GlobalSection(SolutionConfigurationPlatforms) = preSolution
		Debug|Any CPU = Debug|Any CPU
		Debug|x64 = Debug|x64
		Debug|x86 = Debug|x86
		Release|Any CPU = Release|Any CPU
		Release|x64 = Release|x64
		Release|x86 = Release|x86
	EndGlobalSection
	GlobalSection(ProjectConfigurationPlatforms) = postSolution
		{AD9369C1-14DA-474B-8731-338CD68FC48B}.Debug|Any CPU.ActiveCfg = Debug|Any CPU
		{AD9369C1-14DA-474B-8731-338CD68FC48B}.Debug|Any CPU.Build.0 = Debug|Any CPU
		{AD9369C1-14DA-474B-8731-338CD68FC48B}.Debug|x64.ActiveCfg = Debug|Any CPU
		{AD9369C1-14DA-474B-8731-338CD68FC48B}.Debug|x64.Build.0 = Debug|Any CPU
		{AD9369C1-14DA-474B-8731-338CD68FC48B}.Debug|x86.ActiveCfg = Debug|Any CPU
		{AD9369C1-14DA-474B-8731-338CD68FC48B}.Debug|x86.Build.0 = Debug|Any CPU
		{AD9369C1-14DA-474B-8731-338CD68FC48B}.Release|Any CPU.ActiveCfg = Release|Any CPU
		{AD9369C1-14DA-474B-8731-338CD68FC48B}.Release|Any CPU.Build.0 = Release|Any CPU
		{AD9369C1-14DA-474B-8731-338CD68FC48B}.Release|x64.ActiveCfg = Release|Any CPU
		{AD9369C1-14DA-474B-8731-338CD68FC48B}.Release|x64.Build.0 = Release|Any CPU
		{AD9369C1-14DA-474B-8731-338CD68FC48B}.Release|x86.ActiveCfg = Release|Any CPU
		{AD9369C1-14DA-474B-8731-338CD68FC48B}.Release|x86.Build.0 = Release|Any CPU
		{A1AFB9F4-4B8B-4C33-BD75-EAD0F099F6E9}.Debug|Any CPU.ActiveCfg = Debug|Any CPU
		{A1AFB9F4-4B8B-4C33-BD75-EAD0F099F6E9}.Debug|Any CPU.Build.0 = Debug|Any CPU
		{A1AFB9F4-4B8B-4C33-BD75-EAD0F099F6E9}.Debug|x64.ActiveCfg = Debug|Any CPU
		{A1AFB9F4-4B8B-4C33-BD75-EAD0F099F6E9}.Debug|x64.Build.0 = Debug|Any CPU
		{A1AFB9F4-4B8B-4C33-BD75-EAD0F099F6E9}.Debug|x86.ActiveCfg = Debug|Any CPU
		{A1AFB9F4-4B8B-4C33-BD75-EAD0F099F6E9}.Debug|x86.Build.0 = Debug|Any CPU
		{A1AFB9F4-4B8B-4C33-BD75-EAD0F099F6E9}.Release|Any CPU.ActiveCfg = Release|Any CPU
		{A1AFB9F4-4B8B-4C33-BD75-EAD0F099F6E9}.Release|Any CPU.Build.0 = Release|Any CPU
		{A1AFB9F4-4B8B-4C33-BD75-EAD0F099F6E9}.Release|x64.ActiveCfg = Release|Any CPU
		{A1AFB9F4-4B8B-4C33-BD75-EAD0F099F6E9}.Release|x64.Build.0 = Release|Any CPU
		{A1AFB9F4-4B8B-4C33-BD75-EAD0F099F6E9}.Release|x86.ActiveCfg = Release|Any CPU
		{A1AFB9F4-4B8B-4C33-BD75-EAD0F099F6E9}.Release|x86.Build.0 = Release|Any CPU
		{1011618D-6CDF-49EC-B909-4F026DB87549}.Debug|Any CPU.ActiveCfg = Debug|Any CPU
		{1011618D-6CDF-49EC-B909-4F026DB87549}.Debug|Any CPU.Build.0 = Debug|Any CPU
		{1011618D-6CDF-49EC-B909-4F026DB87549}.Debug|x64.ActiveCfg = Debug|Any CPU
		{1011618D-6CDF-49EC-B909-4F026DB87549}.Debug|x64.Build.0 = Debug|Any CPU
		{1011618D-6CDF-49EC-B909-4F026DB87549}.Debug|x86.ActiveCfg = Debug|Any CPU
		{1011618D-6CDF-49EC-B909-4F026DB87549}.Debug|x86.Build.0 = Debug|Any CPU
		{1011618D-6CDF-49EC-B909-4F026DB87549}.Release|Any CPU.ActiveCfg = Release|Any CPU
		{1011618D-6CDF-49EC-B909-4F026DB87549}.Release|Any CPU.Build.0 = Release|Any CPU
		{1011618D-6CDF-49EC-B909-4F026DB87549}.Release|x64.ActiveCfg = Release|Any CPU
		{1011618D-6CDF-49EC-B909-4F026DB87549}.Release|x64.Build.0 = Release|Any CPU
		{1011618D-6CDF-49EC-B909-4F026DB87549}.Release|x86.ActiveCfg = Release|Any CPU
		{1011618D-6CDF-49EC-B909-4F026DB87549}.Release|x86.Build.0 = Release|Any CPU
	EndGlobalSection
	GlobalSection(SolutionProperties) = preSolution
		HideSolutionNode = FALSE
	EndGlobalSection
EndGlobal
